// !$*UTF8*$!
{
	archiveVersion = 1;
	classes = {
	};
	objectVersion = 46;
	objects = {

/* Begin PBXBuildFile section */
		FB8300A21AD5B94C00740C65 /* AppDelegate.swift in Sources */ = {isa = PBXBuildFile; fileRef = FB8300A11AD5B94C00740C65 /* AppDelegate.swift */; };
		FB8300A41AD5B94C00740C65 /* ViewController.swift in Sources */ = {isa = PBXBuildFile; fileRef = FB8300A31AD5B94C00740C65 /* ViewController.swift */; };
		FB8300A71AD5B94C00740C65 /* Main.storyboard in Resources */ = {isa = PBXBuildFile; fileRef = FB8300A51AD5B94C00740C65 /* Main.storyboard */; };
		FB8300A91AD5B94C00740C65 /* Images.xcassets in Resources */ = {isa = PBXBuildFile; fileRef = FB8300A81AD5B94C00740C65 /* Images.xcassets */; };
		FB8300AC1AD5B94C00740C65 /* LaunchScreen.xib in Resources */ = {isa = PBXBuildFile; fileRef = FB8300AA1AD5B94C00740C65 /* LaunchScreen.xib */; };
		FB8300B81AD5B94C00740C65 /* On_The_MapTests.swift in Sources */ = {isa = PBXBuildFile; fileRef = FB8300B71AD5B94C00740C65 /* On_The_MapTests.swift */; };
/* End PBXBuildFile section */

/* Begin PBXContainerItemProxy section */
		FB8300B21AD5B94C00740C65 /* PBXContainerItemProxy */ = {
			isa = PBXContainerItemProxy;
			containerPortal = FB8300941AD5B94C00740C65 /* Project object */;
			proxyType = 1;
			remoteGlobalIDString = FB83009B1AD5B94C00740C65;
			remoteInfo = "On The Map";
		};
/* End PBXContainerItemProxy section */

/* Begin PBXFileReference section */
		FB83009C1AD5B94C00740C65 /* On The Map.app */ = {isa = PBXFileReference; explicitFileType = wrapper.application; includeInIndex = 0; path = "On The Map.app"; sourceTree = BUILT_PRODUCTS_DIR; };
		FB8300A01AD5B94C00740C65 /* Info.plist */ = {isa = PBXFileReference; lastKnownFileType = text.plist.xml; path = Info.plist; sourceTree = "<group>"; };
		FB8300A11AD5B94C00740C65 /* AppDelegate.swift */ = {isa = PBXFileReference; lastKnownFileType = sourcecode.swift; path = AppDelegate.swift; sourceTree = "<group>"; };
		FB8300A31AD5B94C00740C65 /* ViewController.swift */ = {isa = PBXFileReference; lastKnownFileType = sourcecode.swift; path = ViewController.swift; sourceTree = "<group>"; };
		FB8300A61AD5B94C00740C65 /* Base */ = {isa = PBXFileReference; lastKnownFileType = file.storyboard; name = Base; path = Base.lproj/Main.storyboard; sourceTree = "<group>"; };
		FB8300A81AD5B94C00740C65 /* Images.xcassets */ = {isa = PBXFileReference; lastKnownFileType = folder.assetcatalog; path = Images.xcassets; sourceTree = "<group>"; };
		FB8300AB1AD5B94C00740C65 /* Base */ = {isa = PBXFileReference; lastKnownFileType = file.xib; name = Base; path = Base.lproj/LaunchScreen.xib; sourceTree = "<group>"; };
		FB8300B11AD5B94C00740C65 /* On The MapTests.xctest */ = {isa = PBXFileReference; explicitFileType = wrapper.cfbundle; includeInIndex = 0; path = "On The MapTests.xctest"; sourceTree = BUILT_PRODUCTS_DIR; };
		FB8300B61AD5B94C00740C65 /* Info.plist */ = {isa = PBXFileReference; lastKnownFileType = text.plist.xml; path = Info.plist; sourceTree = "<group>"; };
		FB8300B71AD5B94C00740C65 /* On_The_MapTests.swift */ = {isa = PBXFileReference; lastKnownFileType = sourcecode.swift; path = On_The_MapTests.swift; sourceTree = "<group>"; };
/* End PBXFileReference section */

/* Begin PBXFrameworksBuildPhase section */
		FB8300991AD5B94C00740C65 /* Frameworks */ = {
			isa = PBXFrameworksBuildPhase;
			buildActionMask = 2147483647;
			files = (
			);
			runOnlyForDeploymentPostprocessing = 0;
		};
		FB8300AE1AD5B94C00740C65 /* Frameworks */ = {
			isa = PBXFrameworksBuildPhase;
			buildActionMask = 2147483647;
			files = (
			);
			runOnlyForDeploymentPostprocessing = 0;
		};
/* End PBXFrameworksBuildPhase section */

/* Begin PBXGroup section */
		FB8300931AD5B94C00740C65 = {
			isa = PBXGroup;
			children = (
				FB83009E1AD5B94C00740C65 /* On The Map */,
				FB8300B41AD5B94C00740C65 /* On The MapTests */,
				FB83009D1AD5B94C00740C65 /* Products */,
			);
			sourceTree = "<group>";
		};
		FB83009D1AD5B94C00740C65 /* Products */ = {
			isa = PBXGroup;
			children = (
				FB83009C1AD5B94C00740C65 /* On The Map.app */,
				FB8300B11AD5B94C00740C65 /* On The MapTests.xctest */,
			);
			name = Products;
			sourceTree = "<group>";
		};
		FB83009E1AD5B94C00740C65 /* On The Map */ = {
			isa = PBXGroup;
			children = (
				FB8300A11AD5B94C00740C65 /* AppDelegate.swift */,
				FB8300A31AD5B94C00740C65 /* ViewController.swift */,
				FB8300A51AD5B94C00740C65 /* Main.storyboard */,
				FB8300A81AD5B94C00740C65 /* Images.xcassets */,
				FB8300AA1AD5B94C00740C65 /* LaunchScreen.xib */,
				FB83009F1AD5B94C00740C65 /* Supporting Files */,
			);
			path = "On The Map";
			sourceTree = "<group>";
		};
		FB83009F1AD5B94C00740C65 /* Supporting Files */ = {
			isa = PBXGroup;
			children = (
				FB8300A01AD5B94C00740C65 /* Info.plist */,
			);
			name = "Supporting Files";
			sourceTree = "<group>";
		};
		FB8300B41AD5B94C00740C65 /* On The MapTests */ = {
			isa = PBXGroup;
			children = (
				FB8300B71AD5B94C00740C65 /* On_The_MapTests.swift */,
				FB8300B51AD5B94C00740C65 /* Supporting Files */,
			);
			path = "On The MapTests";
			sourceTree = "<group>";
		};
		FB8300B51AD5B94C00740C65 /* Supporting Files */ = {
			isa = PBXGroup;
			children = (
				FB8300B61AD5B94C00740C65 /* Info.plist */,
			);
			name = "Supporting Files";
			sourceTree = "<group>";
		};
/* End PBXGroup section */

/* Begin PBXNativeTarget section */
		FB83009B1AD5B94C00740C65 /* On The Map */ = {
			isa = PBXNativeTarget;
			buildConfigurationList = FB8300BB1AD5B94C00740C65 /* Build configuration list for PBXNativeTarget "On The Map" */;
			buildPhases = (
				FB8300981AD5B94C00740C65 /* Sources */,
				FB8300991AD5B94C00740C65 /* Frameworks */,
				FB83009A1AD5B94C00740C65 /* Resources */,
			);
			buildRules = (
			);
			dependencies = (
			);
			name = "On The Map";
			productName = "On The Map";
			productReference = FB83009C1AD5B94C00740C65 /* On The Map.app */;
			productType = "com.apple.product-type.application";
		};
		FB8300B01AD5B94C00740C65 /* On The MapTests */ = {
			isa = PBXNativeTarget;
			buildConfigurationList = FB8300BE1AD5B94C00740C65 /* Build configuration list for PBXNativeTarget "On The MapTests" */;
			buildPhases = (
				FB8300AD1AD5B94C00740C65 /* Sources */,
				FB8300AE1AD5B94C00740C65 /* Frameworks */,
				FB8300AF1AD5B94C00740C65 /* Resources */,
			);
			buildRules = (
			);
			dependencies = (
				FB8300B31AD5B94C00740C65 /* PBXTargetDependency */,
			);
			name = "On The MapTests";
			productName = "On The MapTests";
			productReference = FB8300B11AD5B94C00740C65 /* On The MapTests.xctest */;
			productType = "com.apple.product-type.bundle.unit-test";
		};
/* End PBXNativeTarget section */

/* Begin PBXProject section */
		FB8300941AD5B94C00740C65 /* Project object */ = {
			isa = PBXProject;
			attributes = {
				LastUpgradeCheck = 0620;
				ORGANIZATIONNAME = "James Gilchrist";
				TargetAttributes = {
					FB83009B1AD5B94C00740C65 = {
						CreatedOnToolsVersion = 6.2;
					};
					FB8300B01AD5B94C00740C65 = {
						CreatedOnToolsVersion = 6.2;
						TestTargetID = FB83009B1AD5B94C00740C65;
					};
				};
			};
			buildConfigurationList = FB8300971AD5B94C00740C65 /* Build configuration list for PBXProject "On The Map" */;
			compatibilityVersion = "Xcode 3.2";
			developmentRegion = English;
			hasScannedForEncodings = 0;
			knownRegions = (
				en,
				Base,
			);
			mainGroup = FB8300931AD5B94C00740C65;
			productRefGroup = FB83009D1AD5B94C00740C65 /* Products */;
			projectDirPath = "";
			projectRoot = "";
			targets = (
				FB83009B1AD5B94C00740C65 /* On The Map */,
				FB8300B01AD5B94C00740C65 /* On The MapTests */,
			);
		};
/* End PBXProject section */

/* Begin PBXResourcesBuildPhase section */
		FB83009A1AD5B94C00740C65 /* Resources */ = {
			isa = PBXResourcesBuildPhase;
			buildActionMask = 2147483647;
			files = (
				FB8300A71AD5B94C00740C65 /* Main.storyboard in Resources */,
				FB8300AC1AD5B94C00740C65 /* LaunchScreen.xib in Resources */,
				FB8300A91AD5B94C00740C65 /* Images.xcassets in Resources */,
			);
			runOnlyForDeploymentPostprocessing = 0;
		};
		FB8300AF1AD5B94C00740C65 /* Resources */ = {
			isa = PBXResourcesBuildPhase;
			buildActionMask = 2147483647;
			files = (
			);
			runOnlyForDeploymentPostprocessing = 0;
		};
/* End PBXResourcesBuildPhase section */

/* Begin PBXSourcesBuildPhase section */
		FB8300981AD5B94C00740C65 /* Sources */ = {
			isa = PBXSourcesBuildPhase;
			buildActionMask = 2147483647;
			files = (
				FB8300A41AD5B94C00740C65 /* ViewController.swift in Sources */,
				FB8300A21AD5B94C00740C65 /* AppDelegate.swift in Sources */,
			);
			runOnlyForDeploymentPostprocessing = 0;
		};
		FB8300AD1AD5B94C00740C65 /* Sources */ = {
			isa = PBXSourcesBuildPhase;
			buildActionMask = 2147483647;
			files = (
				FB8300B81AD5B94C00740C65 /* On_The_MapTests.swift in Sources */,
			);
			runOnlyForDeploymentPostprocessing = 0;
		};
/* End PBXSourcesBuildPhase section */

/* Begin PBXTargetDependency section */
		FB8300B31AD5B94C00740C65 /* PBXTargetDependency */ = {
			isa = PBXTargetDependency;
			target = FB83009B1AD5B94C00740C65 /* On The Map */;
			targetProxy = FB8300B21AD5B94C00740C65 /* PBXContainerItemProxy */;
		};
/* End PBXTargetDependency section */

/* Begin PBXVariantGroup section */
		FB8300A51AD5B94C00740C65 /* Main.storyboard */ = {
			isa = PBXVariantGroup;
			children = (
				FB8300A61AD5B94C00740C65 /* Base */,
			);
			name = Main.storyboard;
			sourceTree = "<group>";
		};
		FB8300AA1AD5B94C00740C65 /* LaunchScreen.xib */ = {
			isa = PBXVariantGroup;
			children = (
				FB8300AB1AD5B94C00740C65 /* Base */,
			);
			name = LaunchScreen.xib;
			sourceTree = "<group>";
		};
/* End PBXVariantGroup section */

/* Begin XCBuildConfiguration section */
		FB8300B91AD5B94C00740C65 /* Debug */ = {
			isa = XCBuildConfiguration;
			buildSettings = {
				ALWAYS_SEARCH_USER_PATHS = NO;
				CLANG_CXX_LANGUAGE_STANDARD = "gnu++0x";
				CLANG_CXX_LIBRARY = "libc++";
				CLANG_ENABLE_MODULES = YES;
				CLANG_ENABLE_OBJC_ARC = YES;
				CLANG_WARN_BOOL_CONVERSION = YES;
				CLANG_WARN_CONSTANT_CONVERSION = YES;
				CLANG_WARN_DIRECT_OBJC_ISA_USAGE = YES_ERROR;
				CLANG_WARN_EMPTY_BODY = YES;
				CLANG_WARN_ENUM_CONVERSION = YES;
				CLANG_WARN_INT_CONVERSION = YES;
				CLANG_WARN_OBJC_ROOT_CLASS = YES_ERROR;
				CLANG_WARN_UNREACHABLE_CODE = YES;
				CLANG_WARN__DUPLICATE_METHOD_MATCH = YES;
				"CODE_SIGN_IDENTITY[sdk=iphoneos*]" = "iPhone Developer";
				COPY_PHASE_STRIP = NO;
				ENABLE_STRICT_OBJC_MSGSEND = YES;
				GCC_C_LANGUAGE_STANDARD = gnu99;
				GCC_DYNAMIC_NO_PIC = NO;
				GCC_OPTIMIZATION_LEVEL = 0;
				GCC_PREPROCESSOR_DEFINITIONS = (
					"DEBUG=1",
					"$(inherited)",
				);
				GCC_SYMBOLS_PRIVATE_EXTERN = NO;
				GCC_WARN_64_TO_32_BIT_CONVERSION = YES;
				GCC_WARN_ABOUT_RETURN_TYPE = YES_ERROR;
				GCC_WARN_UNDECLARED_SELECTOR = YES;
				GCC_WARN_UNINITIALIZED_AUTOS = YES_AGGRESSIVE;
				GCC_WARN_UNUSED_FUNCTION = YES;
				GCC_WARN_UNUSED_VARIABLE = YES;
				IPHONEOS_DEPLOYMENT_TARGET = 8.2;
				MTL_ENABLE_DEBUG_INFO = YES;
				ONLY_ACTIVE_ARCH = YES;
				SDKROOT = iphoneos;
				SWIFT_OPTIMIZATION_LEVEL = "-Onone";
			};
			name = Debug;
		};
		FB8300BA1AD5B94C00740C65 /* Release */ = {
			isa = XCBuildConfiguration;
			buildSettings = {
				ALWAYS_SEARCH_USER_PATHS = NO;
				CLANG_CXX_LANGUAGE_STANDARD = "gnu++0x";
				CLANG_CXX_LIBRARY = "libc++";
				CLANG_ENABLE_MODULES = YES;
				CLANG_ENABLE_OBJC_ARC = YES;
				CLANG_WARN_BOOL_CONVERSION = YES;
				CLANG_WARN_CONSTANT_CONVERSION = YES;
				CLANG_WARN_DIRECT_OBJC_ISA_USAGE = YES_ERROR;
				CLANG_WARN_EMPTY_BODY = YES;
				CLANG_WARN_ENUM_CONVERSION = YES;
				CLANG_WARN_INT_CONVERSION = YES;
				CLANG_WARN_OBJC_ROOT_CLASS = YES_ERROR;
				CLANG_WARN_UNREACHABLE_CODE = YES;
				CLANG_WARN__DUPLICATE_METHOD_MATCH = YES;
				"CODE_SIGN_IDENTITY[sdk=iphoneos*]" = "iPhone Developer";
				COPY_PHASE_STRIP = NO;
				ENABLE_NS_ASSERTIONS = NO;
				ENABLE_STRICT_OBJC_MSGSEND = YES;
				GCC_C_LANGUAGE_STANDARD = gnu99;
				GCC_WARN_64_TO_32_BIT_CONVERSION = YES;
				GCC_WARN_ABOUT_RETURN_TYPE = YES_ERROR;
				GCC_WARN_UNDECLARED_SELECTOR = YES;
				GCC_WARN_UNINITIALIZED_AUTOS = YES_AGGRESSIVE;
				GCC_WARN_UNUSED_FUNCTION = YES;
				GCC_WARN_UNUSED_VARIABLE = YES;
				IPHONEOS_DEPLOYMENT_TARGET = 8.2;
				MTL_ENABLE_DEBUG_INFO = NO;
				SDKROOT = iphoneos;
				VALIDATE_PRODUCT = YES;
			};
			name = Release;
		};
		FB8300BC1AD5B94C00740C65 /* Debug */ = {
			isa = XCBuildConfiguration;
			buildSettings = {
				ASSETCATALOG_COMPILER_APPICON_NAME = AppIcon;
				INFOPLIST_FILE = "On The Map/Info.plist";
				LD_RUNPATH_SEARCH_PATHS = "$(inherited) @executable_path/Frameworks";
				PRODUCT_NAME = "$(TARGET_NAME)";
			};
			name = Debug;
		};
		FB8300BD1AD5B94C00740C65 /* Release */ = {
			isa = XCBuildConfiguration;
			buildSettings = {
				ASSETCATALOG_COMPILER_APPICON_NAME = AppIcon;
				INFOPLIST_FILE = "On The Map/Info.plist";
				LD_RUNPATH_SEARCH_PATHS = "$(inherited) @executable_path/Frameworks";
				PRODUCT_NAME = "$(TARGET_NAME)";
			};
			name = Release;
		};
		FB8300BF1AD5B94C00740C65 /* Debug */ = {
			isa = XCBuildConfiguration;
			buildSettings = {
				BUNDLE_LOADER = "$(TEST_HOST)";
				FRAMEWORK_SEARCH_PATHS = (
					"$(SDKROOT)/Developer/Library/Frameworks",
					"$(inherited)",
				);
				GCC_PREPROCESSOR_DEFINITIONS = (
					"DEBUG=1",
					"$(inherited)",
				);
				INFOPLIST_FILE = "On The MapTests/Info.plist";
				LD_RUNPATH_SEARCH_PATHS = "$(inherited) @executable_path/Frameworks @loader_path/Frameworks";
				PRODUCT_NAME = "$(TARGET_NAME)";
				TEST_HOST = "$(BUILT_PRODUCTS_DIR)/On The Map.app/On The Map";
			};
			name = Debug;
		};
		FB8300C01AD5B94C00740C65 /* Release */ = {
			isa = XCBuildConfiguration;
			buildSettings = {
				BUNDLE_LOADER = "$(TEST_HOST)";
				FRAMEWORK_SEARCH_PATHS = (
					"$(SDKROOT)/Developer/Library/Frameworks",
					"$(inherited)",
				);
				INFOPLIST_FILE = "On The MapTests/Info.plist";
				LD_RUNPATH_SEARCH_PATHS = "$(inherited) @executable_path/Frameworks @loader_path/Frameworks";
				PRODUCT_NAME = "$(TARGET_NAME)";
				TEST_HOST = "$(BUILT_PRODUCTS_DIR)/On The Map.app/On The Map";
			};
			name = Release;
		};
/* End XCBuildConfiguration section */

/* Begin XCConfigurationList section */
		FB8300971AD5B94C00740C65 /* Build configuration list for PBXProject "On The Map" */ = {
			isa = XCConfigurationList;
			buildConfigurations = (
				FB8300B91AD5B94C00740C65 /* Debug */,
				FB8300BA1AD5B94C00740C65 /* Release */,
			);
			defaultConfigurationIsVisible = 0;
			defaultConfigurationName = Release;
		};
		FB8300BB1AD5B94C00740C65 /* Build configuration list for PBXNativeTarget "On The Map" */ = {
			isa = XCConfigurationList;
			buildConfigurations = (
				FB8300BC1AD5B94C00740C65 /* Debug */,
				FB8300BD1AD5B94C00740C65 /* Release */,
			);
			defaultConfigurationIsVisible = 0;
		};
		FB8300BE1AD5B94C00740C65 /* Build configuration list for PBXNativeTarget "On The MapTests" */ = {
			isa = XCConfigurationList;
			buildConfigurations = (
				FB8300BF1AD5B94C00740C65 /* Debug */,
				FB8300C01AD5B94C00740C65 /* Release */,
			);
			defaultConfigurationIsVisible = 0;
		};
/* End XCConfigurationList section */
	};
	rootObject = FB8300941AD5B94C00740C65 /* Project object */;
}
