// !$*UTF8*$!
{
	archiveVersion = 1;
	classes = {
	};
	objectVersion = 46;
	objects = {

/* Begin PBXBuildFile section */
		FB0BB35D1ADD790E00F63328 /* RoundedButton.swift in Sources */ = {isa = PBXBuildFile; fileRef = FB0BB35C1ADD790E00F63328 /* RoundedButton.swift */; };
		FB0BB35F1ADD7ED000F63328 /* EnterLocationViewController.swift in Sources */ = {isa = PBXBuildFile; fileRef = FB0BB35E1ADD7ED000F63328 /* EnterLocationViewController.swift */; };
		FB4875081AD84A1C0014EB72 /* StudentLocationUITableView.swift in Sources */ = {isa = PBXBuildFile; fileRef = FB4875071AD84A1C0014EB72 /* StudentLocationUITableView.swift */; };
		FB6AB9971AE0078100A3CA8A /* Alamofire.framework in Frameworks */ = {isa = PBXBuildFile; fileRef = FB6AB9941AE0021300A3CA8A /* Alamofire.framework */; };
		FB6AB9A91AE020B900A3CA8A /* StudentLocationClientTests.swift in Sources */ = {isa = PBXBuildFile; fileRef = FB6AB9A81AE020B900A3CA8A /* StudentLocationClientTests.swift */; };
		FB6AB9AB1AE0244A00A3CA8A /* StudentLocation.swift in Sources */ = {isa = PBXBuildFile; fileRef = FB6AB9AA1AE0244A00A3CA8A /* StudentLocation.swift */; };
		FB6AB9AD1AE02F3D00A3CA8A /* JSONHelper.framework in Frameworks */ = {isa = PBXBuildFile; fileRef = FB6AB9AC1AE02F3D00A3CA8A /* JSONHelper.framework */; };
		FB6AB9AF1AE2B41C00A3CA8A /* StudentLocationAnnotation.swift in Sources */ = {isa = PBXBuildFile; fileRef = FB6AB9AE1AE2B41C00A3CA8A /* StudentLocationAnnotation.swift */; };
		FB81D3FB1ADEB91B007B2284 /* StudentLocationClient.swift in Sources */ = {isa = PBXBuildFile; fileRef = FB81D3FA1ADEB91B007B2284 /* StudentLocationClient.swift */; };
		FB8300A21AD5B94C00740C65 /* AppDelegate.swift in Sources */ = {isa = PBXBuildFile; fileRef = FB8300A11AD5B94C00740C65 /* AppDelegate.swift */; };
		FB8300A71AD5B94C00740C65 /* Main.storyboard in Resources */ = {isa = PBXBuildFile; fileRef = FB8300A51AD5B94C00740C65 /* Main.storyboard */; };
		FB8300A91AD5B94C00740C65 /* Images.xcassets in Resources */ = {isa = PBXBuildFile; fileRef = FB8300A81AD5B94C00740C65 /* Images.xcassets */; };
		FB8300AC1AD5B94C00740C65 /* LaunchScreen.xib in Resources */ = {isa = PBXBuildFile; fileRef = FB8300AA1AD5B94C00740C65 /* LaunchScreen.xib */; };
		FB8300D01AD5BB5C00740C65 /* OnTheMap_29.png in Resources */ = {isa = PBXBuildFile; fileRef = FB8300C61AD5BB5C00740C65 /* OnTheMap_29.png */; };
		FB8300D11AD5BB5C00740C65 /* OnTheMap_40.png in Resources */ = {isa = PBXBuildFile; fileRef = FB8300C71AD5BB5C00740C65 /* OnTheMap_40.png */; };
		FB8300D21AD5BB5C00740C65 /* OnTheMap_58.png in Resources */ = {isa = PBXBuildFile; fileRef = FB8300C81AD5BB5C00740C65 /* OnTheMap_58.png */; };
		FB8300D31AD5BB5C00740C65 /* OnTheMap_76.png in Resources */ = {isa = PBXBuildFile; fileRef = FB8300C91AD5BB5C00740C65 /* OnTheMap_76.png */; };
		FB8300D41AD5BB5C00740C65 /* OnTheMap_80.png in Resources */ = {isa = PBXBuildFile; fileRef = FB8300CA1AD5BB5C00740C65 /* OnTheMap_80.png */; };
		FB8300D51AD5BB5C00740C65 /* OnTheMap_120.png in Resources */ = {isa = PBXBuildFile; fileRef = FB8300CB1AD5BB5C00740C65 /* OnTheMap_120.png */; };
		FB8300D61AD5BB5C00740C65 /* OnTheMap_152.png in Resources */ = {isa = PBXBuildFile; fileRef = FB8300CC1AD5BB5C00740C65 /* OnTheMap_152.png */; };
		FB8300D71AD5BB5C00740C65 /* OnTheMap_180.png in Resources */ = {isa = PBXBuildFile; fileRef = FB8300CD1AD5BB5C00740C65 /* OnTheMap_180.png */; };
		FB8300D81AD5BB5C00740C65 /* OnTheMap_512.png in Resources */ = {isa = PBXBuildFile; fileRef = FB8300CE1AD5BB5C00740C65 /* OnTheMap_512.png */; };
		FB8300D91AD5BB5C00740C65 /* OnTheMap_1024.png in Resources */ = {isa = PBXBuildFile; fileRef = FB8300CF1AD5BB5C00740C65 /* OnTheMap_1024.png */; };
		FB8300DC1AD5BB7900740C65 /* list.pdf in Resources */ = {isa = PBXBuildFile; fileRef = FB8300DA1AD5BB7900740C65 /* list.pdf */; };
		FB8300DD1AD5BB7900740C65 /* map.pdf in Resources */ = {isa = PBXBuildFile; fileRef = FB8300DB1AD5BB7900740C65 /* map.pdf */; };
		FB8300E01AD5BBAE00740C65 /* pin.pdf in Resources */ = {isa = PBXBuildFile; fileRef = FB8300DE1AD5BBAE00740C65 /* pin.pdf */; };
		FB8300E11AD5BBAE00740C65 /* udacity.pdf in Resources */ = {isa = PBXBuildFile; fileRef = FB8300DF1AD5BBAE00740C65 /* udacity.pdf */; };
		FB8300E31AD5C17100740C65 /* LoginViewController.swift in Sources */ = {isa = PBXBuildFile; fileRef = FB8300E21AD5C17100740C65 /* LoginViewController.swift */; };
		FB8300E51AD5C35600740C65 /* MapViewController.swift in Sources */ = {isa = PBXBuildFile; fileRef = FB8300E41AD5C35600740C65 /* MapViewController.swift */; };
		FB8300E71AD5C35E00740C65 /* ListViewController.swift in Sources */ = {isa = PBXBuildFile; fileRef = FB8300E61AD5C35E00740C65 /* ListViewController.swift */; };
		FB8300EC1AD5C9AB00740C65 /* Roboto-Medium.ttf in Resources */ = {isa = PBXBuildFile; fileRef = FB8300E91AD5C9AB00740C65 /* Roboto-Medium.ttf */; };
		FB8300ED1AD5C9AB00740C65 /* Roboto-Regular.ttf in Resources */ = {isa = PBXBuildFile; fileRef = FB8300EA1AD5C9AB00740C65 /* Roboto-Regular.ttf */; };
		FB8300EE1AD5C9AB00740C65 /* Roboto-Thin.ttf in Resources */ = {isa = PBXBuildFile; fileRef = FB8300EB1AD5C9AB00740C65 /* Roboto-Thin.ttf */; };
		FB8300F21AD5D39500740C65 /* LoginTextField.swift in Sources */ = {isa = PBXBuildFile; fileRef = FB8300F11AD5D39500740C65 /* LoginTextField.swift */; };
		FBBFA42E1AD609A700E7313D /* UdacityClient.swift in Sources */ = {isa = PBXBuildFile; fileRef = FBBFA42D1AD609A700E7313D /* UdacityClient.swift */; };
		FBBFA4371AD6AAEB00E7313D /* UdacityUser.swift in Sources */ = {isa = PBXBuildFile; fileRef = FBBFA4361AD6AAEB00E7313D /* UdacityUser.swift */; };
		FBBFA4391AD6C8B800E7313D /* UdacityNSURLSessionExtension.swift in Sources */ = {isa = PBXBuildFile; fileRef = FBBFA4381AD6C8B800E7313D /* UdacityNSURLSessionExtension.swift */; };
		FBBFA43B1AD70F4400E7313D /* UdacityClientSecurity.swift in Sources */ = {isa = PBXBuildFile; fileRef = FBBFA43A1AD70F4400E7313D /* UdacityClientSecurity.swift */; };
		FBBFA4471AD825E400E7313D /* StudentLocationMKMapView.swift in Sources */ = {isa = PBXBuildFile; fileRef = FBBFA4461AD825E400E7313D /* StudentLocationMKMapView.swift */; };
/* End PBXBuildFile section */

/* Begin PBXContainerItemProxy section */
		FB6AB9A31AE01EC100A3CA8A /* PBXContainerItemProxy */ = {
			isa = PBXContainerItemProxy;
			containerPortal = FB8300941AD5B94C00740C65 /* Project object */;
			proxyType = 1;
			remoteGlobalIDString = FB83009B1AD5B94C00740C65;
			remoteInfo = "On The Map";
		};
/* End PBXContainerItemProxy section */

/* Begin PBXFileReference section */
		FB0BB35C1ADD790E00F63328 /* RoundedButton.swift */ = {isa = PBXFileReference; fileEncoding = 4; lastKnownFileType = sourcecode.swift; path = RoundedButton.swift; sourceTree = "<group>"; };
		FB0BB35E1ADD7ED000F63328 /* EnterLocationViewController.swift */ = {isa = PBXFileReference; fileEncoding = 4; lastKnownFileType = sourcecode.swift; path = EnterLocationViewController.swift; sourceTree = "<group>"; };
		FB4875071AD84A1C0014EB72 /* StudentLocationUITableView.swift */ = {isa = PBXFileReference; fileEncoding = 4; lastKnownFileType = sourcecode.swift; path = StudentLocationUITableView.swift; sourceTree = "<group>"; };
		FB6AB9941AE0021300A3CA8A /* Alamofire.framework */ = {isa = PBXFileReference; lastKnownFileType = wrapper.framework; name = Alamofire.framework; path = Carthage/Build/iOS/Alamofire.framework; sourceTree = "<group>"; };
		FB6AB99D1AE01EC100A3CA8A /* On The Map Tests.xctest */ = {isa = PBXFileReference; explicitFileType = wrapper.cfbundle; includeInIndex = 0; path = "On The Map Tests.xctest"; sourceTree = BUILT_PRODUCTS_DIR; };
		FB6AB9A01AE01EC100A3CA8A /* Info.plist */ = {isa = PBXFileReference; lastKnownFileType = text.plist.xml; path = Info.plist; sourceTree = "<group>"; };
		FB6AB9A81AE020B900A3CA8A /* StudentLocationClientTests.swift */ = {isa = PBXFileReference; fileEncoding = 4; lastKnownFileType = sourcecode.swift; path = StudentLocationClientTests.swift; sourceTree = "<group>"; };
		FB6AB9AA1AE0244A00A3CA8A /* StudentLocation.swift */ = {isa = PBXFileReference; fileEncoding = 4; lastKnownFileType = sourcecode.swift; path = StudentLocation.swift; sourceTree = "<group>"; };
		FB6AB9AC1AE02F3D00A3CA8A /* JSONHelper.framework */ = {isa = PBXFileReference; lastKnownFileType = wrapper.framework; name = JSONHelper.framework; path = Carthage/Build/iOS/JSONHelper.framework; sourceTree = "<group>"; };
		FB6AB9AE1AE2B41C00A3CA8A /* StudentLocationAnnotation.swift */ = {isa = PBXFileReference; fileEncoding = 4; lastKnownFileType = sourcecode.swift; path = StudentLocationAnnotation.swift; sourceTree = "<group>"; };
		FB81D3FA1ADEB91B007B2284 /* StudentLocationClient.swift */ = {isa = PBXFileReference; fileEncoding = 4; lastKnownFileType = sourcecode.swift; path = StudentLocationClient.swift; sourceTree = "<group>"; };
		FB83009C1AD5B94C00740C65 /* On The Map.app */ = {isa = PBXFileReference; explicitFileType = wrapper.application; includeInIndex = 0; path = "On The Map.app"; sourceTree = BUILT_PRODUCTS_DIR; };
		FB8300A01AD5B94C00740C65 /* Info.plist */ = {isa = PBXFileReference; lastKnownFileType = text.plist.xml; path = Info.plist; sourceTree = "<group>"; };
		FB8300A11AD5B94C00740C65 /* AppDelegate.swift */ = {isa = PBXFileReference; lastKnownFileType = sourcecode.swift; path = AppDelegate.swift; sourceTree = "<group>"; };
		FB8300A61AD5B94C00740C65 /* Base */ = {isa = PBXFileReference; lastKnownFileType = file.storyboard; name = Base; path = Base.lproj/Main.storyboard; sourceTree = "<group>"; };
		FB8300A81AD5B94C00740C65 /* Images.xcassets */ = {isa = PBXFileReference; lastKnownFileType = folder.assetcatalog; path = Images.xcassets; sourceTree = "<group>"; };
		FB8300AB1AD5B94C00740C65 /* Base */ = {isa = PBXFileReference; lastKnownFileType = file.xib; name = Base; path = Base.lproj/LaunchScreen.xib; sourceTree = "<group>"; };
		FB8300C61AD5BB5C00740C65 /* OnTheMap_29.png */ = {isa = PBXFileReference; lastKnownFileType = image.png; path = OnTheMap_29.png; sourceTree = "<group>"; };
		FB8300C71AD5BB5C00740C65 /* OnTheMap_40.png */ = {isa = PBXFileReference; lastKnownFileType = image.png; path = OnTheMap_40.png; sourceTree = "<group>"; };
		FB8300C81AD5BB5C00740C65 /* OnTheMap_58.png */ = {isa = PBXFileReference; lastKnownFileType = image.png; path = OnTheMap_58.png; sourceTree = "<group>"; };
		FB8300C91AD5BB5C00740C65 /* OnTheMap_76.png */ = {isa = PBXFileReference; lastKnownFileType = image.png; path = OnTheMap_76.png; sourceTree = "<group>"; };
		FB8300CA1AD5BB5C00740C65 /* OnTheMap_80.png */ = {isa = PBXFileReference; lastKnownFileType = image.png; path = OnTheMap_80.png; sourceTree = "<group>"; };
		FB8300CB1AD5BB5C00740C65 /* OnTheMap_120.png */ = {isa = PBXFileReference; lastKnownFileType = image.png; path = OnTheMap_120.png; sourceTree = "<group>"; };
		FB8300CC1AD5BB5C00740C65 /* OnTheMap_152.png */ = {isa = PBXFileReference; lastKnownFileType = image.png; path = OnTheMap_152.png; sourceTree = "<group>"; };
		FB8300CD1AD5BB5C00740C65 /* OnTheMap_180.png */ = {isa = PBXFileReference; lastKnownFileType = image.png; path = OnTheMap_180.png; sourceTree = "<group>"; };
		FB8300CE1AD5BB5C00740C65 /* OnTheMap_512.png */ = {isa = PBXFileReference; lastKnownFileType = image.png; path = OnTheMap_512.png; sourceTree = "<group>"; };
		FB8300CF1AD5BB5C00740C65 /* OnTheMap_1024.png */ = {isa = PBXFileReference; lastKnownFileType = image.png; path = OnTheMap_1024.png; sourceTree = "<group>"; };
		FB8300DA1AD5BB7900740C65 /* list.pdf */ = {isa = PBXFileReference; lastKnownFileType = image.pdf; path = list.pdf; sourceTree = "<group>"; };
		FB8300DB1AD5BB7900740C65 /* map.pdf */ = {isa = PBXFileReference; lastKnownFileType = image.pdf; path = map.pdf; sourceTree = "<group>"; };
		FB8300DE1AD5BBAE00740C65 /* pin.pdf */ = {isa = PBXFileReference; lastKnownFileType = image.pdf; path = pin.pdf; sourceTree = "<group>"; };
		FB8300DF1AD5BBAE00740C65 /* udacity.pdf */ = {isa = PBXFileReference; lastKnownFileType = image.pdf; path = udacity.pdf; sourceTree = "<group>"; };
		FB8300E21AD5C17100740C65 /* LoginViewController.swift */ = {isa = PBXFileReference; fileEncoding = 4; lastKnownFileType = sourcecode.swift; path = LoginViewController.swift; sourceTree = "<group>"; };
		FB8300E41AD5C35600740C65 /* MapViewController.swift */ = {isa = PBXFileReference; fileEncoding = 4; lastKnownFileType = sourcecode.swift; path = MapViewController.swift; sourceTree = "<group>"; };
		FB8300E61AD5C35E00740C65 /* ListViewController.swift */ = {isa = PBXFileReference; fileEncoding = 4; lastKnownFileType = sourcecode.swift; path = ListViewController.swift; sourceTree = "<group>"; };
		FB8300E91AD5C9AB00740C65 /* Roboto-Medium.ttf */ = {isa = PBXFileReference; lastKnownFileType = file; path = "Roboto-Medium.ttf"; sourceTree = "<group>"; };
		FB8300EA1AD5C9AB00740C65 /* Roboto-Regular.ttf */ = {isa = PBXFileReference; lastKnownFileType = file; path = "Roboto-Regular.ttf"; sourceTree = "<group>"; };
		FB8300EB1AD5C9AB00740C65 /* Roboto-Thin.ttf */ = {isa = PBXFileReference; lastKnownFileType = file; path = "Roboto-Thin.ttf"; sourceTree = "<group>"; };
		FB8300F11AD5D39500740C65 /* LoginTextField.swift */ = {isa = PBXFileReference; fileEncoding = 4; lastKnownFileType = sourcecode.swift; path = LoginTextField.swift; sourceTree = "<group>"; };
		FBBFA42D1AD609A700E7313D /* UdacityClient.swift */ = {isa = PBXFileReference; fileEncoding = 4; lastKnownFileType = sourcecode.swift; path = UdacityClient.swift; sourceTree = "<group>"; };
		FBBFA4361AD6AAEB00E7313D /* UdacityUser.swift */ = {isa = PBXFileReference; fileEncoding = 4; lastKnownFileType = sourcecode.swift; name = UdacityUser.swift; path = ../UdacityUser.swift; sourceTree = "<group>"; };
		FBBFA4381AD6C8B800E7313D /* UdacityNSURLSessionExtension.swift */ = {isa = PBXFileReference; fileEncoding = 4; lastKnownFileType = sourcecode.swift; name = UdacityNSURLSessionExtension.swift; path = ../UdacityNSURLSessionExtension.swift; sourceTree = "<group>"; };
		FBBFA43A1AD70F4400E7313D /* UdacityClientSecurity.swift */ = {isa = PBXFileReference; fileEncoding = 4; lastKnownFileType = sourcecode.swift; path = UdacityClientSecurity.swift; sourceTree = "<group>"; };
		FBBFA4461AD825E400E7313D /* StudentLocationMKMapView.swift */ = {isa = PBXFileReference; fileEncoding = 4; lastKnownFileType = sourcecode.swift; path = StudentLocationMKMapView.swift; sourceTree = "<group>"; };
/* End PBXFileReference section */

/* Begin PBXFrameworksBuildPhase section */
		FB6AB99A1AE01EC100A3CA8A /* Frameworks */ = {
			isa = PBXFrameworksBuildPhase;
			buildActionMask = 2147483647;
			files = (
			);
			runOnlyForDeploymentPostprocessing = 0;
		};
		FB8300991AD5B94C00740C65 /* Frameworks */ = {
			isa = PBXFrameworksBuildPhase;
			buildActionMask = 2147483647;
			files = (
				FB6AB9AD1AE02F3D00A3CA8A /* JSONHelper.framework in Frameworks */,
				FB6AB9971AE0078100A3CA8A /* Alamofire.framework in Frameworks */,
			);
			runOnlyForDeploymentPostprocessing = 0;
		};
/* End PBXFrameworksBuildPhase section */

/* Begin PBXGroup section */
		FB4875021AD836330014EB72 /* Map */ = {
			isa = PBXGroup;
			children = (
				FBBFA4461AD825E400E7313D /* StudentLocationMKMapView.swift */,
			);
			name = Map;
			sourceTree = "<group>";
		};
		FB4875031AD836450014EB72 /* Login */ = {
			isa = PBXGroup;
			children = (
				FB8300F11AD5D39500740C65 /* LoginTextField.swift */,
			);
			name = Login;
			sourceTree = "<group>";
		};
		FB4875041AD849C10014EB72 /* Table */ = {
			isa = PBXGroup;
			children = (
				FB4875071AD84A1C0014EB72 /* StudentLocationUITableView.swift */,
			);
			name = Table;
			sourceTree = "<group>";
		};
		FB6AB99E1AE01EC100A3CA8A /* On The Map Tests */ = {
			isa = PBXGroup;
			children = (
				FB6AB9A81AE020B900A3CA8A /* StudentLocationClientTests.swift */,
				FB6AB99F1AE01EC100A3CA8A /* Supporting Files */,
			);
			path = "On The Map Tests";
			sourceTree = "<group>";
		};
		FB6AB99F1AE01EC100A3CA8A /* Supporting Files */ = {
			isa = PBXGroup;
			children = (
				FB6AB9A01AE01EC100A3CA8A /* Info.plist */,
			);
			name = "Supporting Files";
			sourceTree = "<group>";
		};
		FB81D3FC1ADEB921007B2284 /* Parse */ = {
			isa = PBXGroup;
			children = (
				FB81D3FA1ADEB91B007B2284 /* StudentLocationClient.swift */,
				FB6AB9AA1AE0244A00A3CA8A /* StudentLocation.swift */,
				FB6AB9AE1AE2B41C00A3CA8A /* StudentLocationAnnotation.swift */,
			);
			name = Parse;
			sourceTree = "<group>";
		};
		FB8300931AD5B94C00740C65 = {
			isa = PBXGroup;
			children = (
				FB6AB9AC1AE02F3D00A3CA8A /* JSONHelper.framework */,
				FB6AB9941AE0021300A3CA8A /* Alamofire.framework */,
				FB83009E1AD5B94C00740C65 /* On The Map */,
				FB6AB99E1AE01EC100A3CA8A /* On The Map Tests */,
				FB83009D1AD5B94C00740C65 /* Products */,
			);
			sourceTree = "<group>";
		};
		FB83009D1AD5B94C00740C65 /* Products */ = {
			isa = PBXGroup;
			children = (
				FB83009C1AD5B94C00740C65 /* On The Map.app */,
				FB6AB99D1AE01EC100A3CA8A /* On The Map Tests.xctest */,
			);
			name = Products;
			sourceTree = "<group>";
		};
		FB83009E1AD5B94C00740C65 /* On The Map */ = {
			isa = PBXGroup;
			children = (
				FB8300A11AD5B94C00740C65 /* AppDelegate.swift */,
				FB8300C21AD5BACC00740C65 /* Model */,
				FBBFA4381AD6C8B800E7313D /* UdacityNSURLSessionExtension.swift */,
				FB8300C31AD5BAD200740C65 /* View */,
				FB8300C41AD5BAD800740C65 /* Controller */,
				FB83009F1AD5B94C00740C65 /* Supporting Files */,
			);
			path = "On The Map";
			sourceTree = "<group>";
		};
		FB83009F1AD5B94C00740C65 /* Supporting Files */ = {
			isa = PBXGroup;
			children = (
				FB8300E81AD5C98A00740C65 /* Fonts */,
				FB8300A81AD5B94C00740C65 /* Images.xcassets */,
				FB8300C51AD5BB1000740C65 /* images */,
				FB8300C11AD5BA9800740C65 /* StoryBoards */,
				FB8300A01AD5B94C00740C65 /* Info.plist */,
			);
			name = "Supporting Files";
			sourceTree = "<group>";
		};
		FB8300C11AD5BA9800740C65 /* StoryBoards */ = {
			isa = PBXGroup;
			children = (
				FB8300A51AD5B94C00740C65 /* Main.storyboard */,
				FB8300AA1AD5B94C00740C65 /* LaunchScreen.xib */,
			);
			name = StoryBoards;
			sourceTree = "<group>";
		};
		FB8300C21AD5BACC00740C65 /* Model */ = {
			isa = PBXGroup;
			children = (
				FBBFA4311AD6163B00E7313D /* Clients */,
			);
			name = Model;
			sourceTree = "<group>";
		};
		FB8300C31AD5BAD200740C65 /* View */ = {
			isa = PBXGroup;
			children = (
				FB4875041AD849C10014EB72 /* Table */,
				FB4875031AD836450014EB72 /* Login */,
				FB4875021AD836330014EB72 /* Map */,
				FB0BB35C1ADD790E00F63328 /* RoundedButton.swift */,
			);
			name = View;
			sourceTree = "<group>";
		};
		FB8300C41AD5BAD800740C65 /* Controller */ = {
			isa = PBXGroup;
			children = (
				FB8300E21AD5C17100740C65 /* LoginViewController.swift */,
				FB8300E41AD5C35600740C65 /* MapViewController.swift */,
				FB8300E61AD5C35E00740C65 /* ListViewController.swift */,
				FB0BB35E1ADD7ED000F63328 /* EnterLocationViewController.swift */,
			);
			name = Controller;
			sourceTree = "<group>";
		};
		FB8300C51AD5BB1000740C65 /* images */ = {
			isa = PBXGroup;
			children = (
				FB8300DE1AD5BBAE00740C65 /* pin.pdf */,
				FB8300DF1AD5BBAE00740C65 /* udacity.pdf */,
				FB8300DA1AD5BB7900740C65 /* list.pdf */,
				FB8300DB1AD5BB7900740C65 /* map.pdf */,
				FB8300C61AD5BB5C00740C65 /* OnTheMap_29.png */,
				FB8300C71AD5BB5C00740C65 /* OnTheMap_40.png */,
				FB8300C81AD5BB5C00740C65 /* OnTheMap_58.png */,
				FB8300C91AD5BB5C00740C65 /* OnTheMap_76.png */,
				FB8300CA1AD5BB5C00740C65 /* OnTheMap_80.png */,
				FB8300CB1AD5BB5C00740C65 /* OnTheMap_120.png */,
				FB8300CC1AD5BB5C00740C65 /* OnTheMap_152.png */,
				FB8300CD1AD5BB5C00740C65 /* OnTheMap_180.png */,
				FB8300CE1AD5BB5C00740C65 /* OnTheMap_512.png */,
				FB8300CF1AD5BB5C00740C65 /* OnTheMap_1024.png */,
			);
			name = images;
			sourceTree = "<group>";
		};
		FB8300E81AD5C98A00740C65 /* Fonts */ = {
			isa = PBXGroup;
			children = (
				FB8300E91AD5C9AB00740C65 /* Roboto-Medium.ttf */,
				FB8300EA1AD5C9AB00740C65 /* Roboto-Regular.ttf */,
				FB8300EB1AD5C9AB00740C65 /* Roboto-Thin.ttf */,
			);
			name = Fonts;
			sourceTree = "<group>";
		};
		FBBFA4311AD6163B00E7313D /* Clients */ = {
			isa = PBXGroup;
			children = (
				FB81D3FC1ADEB921007B2284 /* Parse */,
				FBBFA4321AD6164300E7313D /* Udacity */,
			);
			name = Clients;
			sourceTree = "<group>";
		};
		FBBFA4321AD6164300E7313D /* Udacity */ = {
			isa = PBXGroup;
			children = (
				FBBFA4361AD6AAEB00E7313D /* UdacityUser.swift */,
				FBBFA42D1AD609A700E7313D /* UdacityClient.swift */,
				FBBFA43A1AD70F4400E7313D /* UdacityClientSecurity.swift */,
			);
			name = Udacity;
			sourceTree = "<group>";
		};
/* End PBXGroup section */

/* Begin PBXNativeTarget section */
		FB6AB99C1AE01EC100A3CA8A /* On The Map Tests */ = {
			isa = PBXNativeTarget;
			buildConfigurationList = FB6AB9A51AE01EC100A3CA8A /* Build configuration list for PBXNativeTarget "On The Map Tests" */;
			buildPhases = (
				FB6AB9991AE01EC100A3CA8A /* Sources */,
				FB6AB99A1AE01EC100A3CA8A /* Frameworks */,
				FB6AB99B1AE01EC100A3CA8A /* Resources */,
			);
			buildRules = (
			);
			dependencies = (
				FB6AB9A41AE01EC100A3CA8A /* PBXTargetDependency */,
			);
			name = "On The Map Tests";
			productName = "On The Map Tests";
			productReference = FB6AB99D1AE01EC100A3CA8A /* On The Map Tests.xctest */;
			productType = "com.apple.product-type.bundle.unit-test";
		};
		FB83009B1AD5B94C00740C65 /* On The Map */ = {
			isa = PBXNativeTarget;
			buildConfigurationList = FB8300BB1AD5B94C00740C65 /* Build configuration list for PBXNativeTarget "On The Map" */;
			buildPhases = (
				FB8300981AD5B94C00740C65 /* Sources */,
				FB8300991AD5B94C00740C65 /* Frameworks */,
				FB83009A1AD5B94C00740C65 /* Resources */,
				FB6AB9961AE0027C00A3CA8A /* ShellScript */,
			);
			buildRules = (
			);
			dependencies = (
			);
			name = "On The Map";
			productName = "On The Map";
			productReference = FB83009C1AD5B94C00740C65 /* On The Map.app */;
			productType = "com.apple.product-type.application";
		};
/* End PBXNativeTarget section */

/* Begin PBXProject section */
		FB8300941AD5B94C00740C65 /* Project object */ = {
			isa = PBXProject;
			attributes = {
				LastUpgradeCheck = 0620;
				ORGANIZATIONNAME = "James Gilchrist";
				TargetAttributes = {
					FB6AB99C1AE01EC100A3CA8A = {
						CreatedOnToolsVersion = 6.3;
						TestTargetID = FB83009B1AD5B94C00740C65;
					};
					FB83009B1AD5B94C00740C65 = {
						CreatedOnToolsVersion = 6.2;
					};
				};
			};
			buildConfigurationList = FB8300971AD5B94C00740C65 /* Build configuration list for PBXProject "On The Map" */;
			compatibilityVersion = "Xcode 3.2";
			developmentRegion = English;
			hasScannedForEncodings = 0;
			knownRegions = (
				en,
				Base,
			);
			mainGroup = FB8300931AD5B94C00740C65;
			productRefGroup = FB83009D1AD5B94C00740C65 /* Products */;
			projectDirPath = "";
			projectRoot = "";
			targets = (
				FB83009B1AD5B94C00740C65 /* On The Map */,
				FB6AB99C1AE01EC100A3CA8A /* On The Map Tests */,
			);
		};
/* End PBXProject section */

/* Begin PBXResourcesBuildPhase section */
		FB6AB99B1AE01EC100A3CA8A /* Resources */ = {
			isa = PBXResourcesBuildPhase;
			buildActionMask = 2147483647;
			files = (
			);
			runOnlyForDeploymentPostprocessing = 0;
		};
		FB83009A1AD5B94C00740C65 /* Resources */ = {
			isa = PBXResourcesBuildPhase;
			buildActionMask = 2147483647;
			files = (
				FB8300DD1AD5BB7900740C65 /* map.pdf in Resources */,
				FB8300D91AD5BB5C00740C65 /* OnTheMap_1024.png in Resources */,
				FB8300D61AD5BB5C00740C65 /* OnTheMap_152.png in Resources */,
				FB8300D11AD5BB5C00740C65 /* OnTheMap_40.png in Resources */,
				FB8300E11AD5BBAE00740C65 /* udacity.pdf in Resources */,
				FB8300D01AD5BB5C00740C65 /* OnTheMap_29.png in Resources */,
				FB8300DC1AD5BB7900740C65 /* list.pdf in Resources */,
				FB8300E01AD5BBAE00740C65 /* pin.pdf in Resources */,
				FB8300EE1AD5C9AB00740C65 /* Roboto-Thin.ttf in Resources */,
				FB8300EC1AD5C9AB00740C65 /* Roboto-Medium.ttf in Resources */,
				FB8300A71AD5B94C00740C65 /* Main.storyboard in Resources */,
				FB8300AC1AD5B94C00740C65 /* LaunchScreen.xib in Resources */,
				FB8300D21AD5BB5C00740C65 /* OnTheMap_58.png in Resources */,
				FB8300D41AD5BB5C00740C65 /* OnTheMap_80.png in Resources */,
				FB8300A91AD5B94C00740C65 /* Images.xcassets in Resources */,
				FB8300D71AD5BB5C00740C65 /* OnTheMap_180.png in Resources */,
				FB8300ED1AD5C9AB00740C65 /* Roboto-Regular.ttf in Resources */,
				FB8300D51AD5BB5C00740C65 /* OnTheMap_120.png in Resources */,
				FB8300D81AD5BB5C00740C65 /* OnTheMap_512.png in Resources */,
				FB8300D31AD5BB5C00740C65 /* OnTheMap_76.png in Resources */,
			);
			runOnlyForDeploymentPostprocessing = 0;
		};
/* End PBXResourcesBuildPhase section */

/* Begin PBXShellScriptBuildPhase section */
		FB6AB9961AE0027C00A3CA8A /* ShellScript */ = {
			isa = PBXShellScriptBuildPhase;
			buildActionMask = 2147483647;
			files = (
			);
			inputPaths = (
				"$(SRCROOT)/Carthage/Build/iOS/Alamofire.framework",
				"$(SRCROOT)/Carthage/Build/iOS/JSONHelper.framework",
			);
			outputPaths = (
			);
			runOnlyForDeploymentPostprocessing = 0;
			shellPath = /bin/sh;
			shellScript = "/usr/local/bin/carthage copy-frameworks";
		};
/* End PBXShellScriptBuildPhase section */

/* Begin PBXSourcesBuildPhase section */
		FB6AB9991AE01EC100A3CA8A /* Sources */ = {
			isa = PBXSourcesBuildPhase;
			buildActionMask = 2147483647;
			files = (
				FB6AB9A91AE020B900A3CA8A /* StudentLocationClientTests.swift in Sources */,
			);
			runOnlyForDeploymentPostprocessing = 0;
		};
		FB8300981AD5B94C00740C65 /* Sources */ = {
			isa = PBXSourcesBuildPhase;
			buildActionMask = 2147483647;
			files = (
				FB8300E31AD5C17100740C65 /* LoginViewController.swift in Sources */,
				FB0BB35D1ADD790E00F63328 /* RoundedButton.swift in Sources */,
				FB8300E51AD5C35600740C65 /* MapViewController.swift in Sources */,
				FBBFA42E1AD609A700E7313D /* UdacityClient.swift in Sources */,
				FB8300E71AD5C35E00740C65 /* ListViewController.swift in Sources */,
				FB81D3FB1ADEB91B007B2284 /* StudentLocationClient.swift in Sources */,
				FB6AB9AB1AE0244A00A3CA8A /* StudentLocation.swift in Sources */,
				FB8300A21AD5B94C00740C65 /* AppDelegate.swift in Sources */,
				FBBFA4391AD6C8B800E7313D /* UdacityNSURLSessionExtension.swift in Sources */,
				FB4875081AD84A1C0014EB72 /* StudentLocationUITableView.swift in Sources */,
				FB6AB9AF1AE2B41C00A3CA8A /* StudentLocationAnnotation.swift in Sources */,
				FBBFA4371AD6AAEB00E7313D /* UdacityUser.swift in Sources */,
				FBBFA43B1AD70F4400E7313D /* UdacityClientSecurity.swift in Sources */,
				FBBFA4471AD825E400E7313D /* StudentLocationMKMapView.swift in Sources */,
				FB0BB35F1ADD7ED000F63328 /* EnterLocationViewController.swift in Sources */,
				FB8300F21AD5D39500740C65 /* LoginTextField.swift in Sources */,
			);
			runOnlyForDeploymentPostprocessing = 0;
		};
/* End PBXSourcesBuildPhase section */

/* Begin PBXTargetDependency section */
		FB6AB9A41AE01EC100A3CA8A /* PBXTargetDependency */ = {
			isa = PBXTargetDependency;
			target = FB83009B1AD5B94C00740C65 /* On The Map */;
			targetProxy = FB6AB9A31AE01EC100A3CA8A /* PBXContainerItemProxy */;
		};
/* End PBXTargetDependency section */

/* Begin PBXVariantGroup section */
		FB8300A51AD5B94C00740C65 /* Main.storyboard */ = {
			isa = PBXVariantGroup;
			children = (
				FB8300A61AD5B94C00740C65 /* Base */,
			);
			name = Main.storyboard;
			sourceTree = "<group>";
		};
		FB8300AA1AD5B94C00740C65 /* LaunchScreen.xib */ = {
			isa = PBXVariantGroup;
			children = (
				FB8300AB1AD5B94C00740C65 /* Base */,
			);
			name = LaunchScreen.xib;
			sourceTree = "<group>";
		};
/* End PBXVariantGroup section */

/* Begin XCBuildConfiguration section */
		FB6AB9A61AE01EC100A3CA8A /* Debug */ = {
			isa = XCBuildConfiguration;
			buildSettings = {
				BUNDLE_LOADER = "$(TEST_HOST)";
				DEBUG_INFORMATION_FORMAT = "dwarf-with-dsym";
				FRAMEWORK_SEARCH_PATHS = (
					"$(SDKROOT)/Developer/Library/Frameworks",
					"$(inherited)",
				);
				GCC_NO_COMMON_BLOCKS = YES;
				GCC_PREPROCESSOR_DEFINITIONS = (
					"DEBUG=1",
					"$(inherited)",
				);
				INFOPLIST_FILE = "On The Map Tests/Info.plist";
				IPHONEOS_DEPLOYMENT_TARGET = 8.3;
				LD_RUNPATH_SEARCH_PATHS = "$(inherited) @executable_path/Frameworks @loader_path/Frameworks";
				PRODUCT_NAME = "$(TARGET_NAME)";
				TEST_HOST = "$(BUILT_PRODUCTS_DIR)/On The Map.app/On The Map";
			};
			name = Debug;
		};
		FB6AB9A71AE01EC100A3CA8A /* Release */ = {
			isa = XCBuildConfiguration;
			buildSettings = {
				BUNDLE_LOADER = "$(TEST_HOST)";
				DEBUG_INFORMATION_FORMAT = "dwarf-with-dsym";
				FRAMEWORK_SEARCH_PATHS = (
					"$(SDKROOT)/Developer/Library/Frameworks",
					"$(inherited)",
				);
				GCC_NO_COMMON_BLOCKS = YES;
				INFOPLIST_FILE = "On The Map Tests/Info.plist";
				IPHONEOS_DEPLOYMENT_TARGET = 8.3;
				LD_RUNPATH_SEARCH_PATHS = "$(inherited) @executable_path/Frameworks @loader_path/Frameworks";
				PRODUCT_NAME = "$(TARGET_NAME)";
				TEST_HOST = "$(BUILT_PRODUCTS_DIR)/On The Map.app/On The Map";
			};
			name = Release;
		};
		FB8300B91AD5B94C00740C65 /* Debug */ = {
			isa = XCBuildConfiguration;
			buildSettings = {
				ALWAYS_SEARCH_USER_PATHS = NO;
				CLANG_CXX_LANGUAGE_STANDARD = "gnu++0x";
				CLANG_CXX_LIBRARY = "libc++";
				CLANG_ENABLE_MODULES = YES;
				CLANG_ENABLE_OBJC_ARC = YES;
				CLANG_WARN_BOOL_CONVERSION = YES;
				CLANG_WARN_CONSTANT_CONVERSION = YES;
				CLANG_WARN_DIRECT_OBJC_ISA_USAGE = YES_ERROR;
				CLANG_WARN_EMPTY_BODY = YES;
				CLANG_WARN_ENUM_CONVERSION = YES;
				CLANG_WARN_INT_CONVERSION = YES;
				CLANG_WARN_OBJC_ROOT_CLASS = YES_ERROR;
				CLANG_WARN_UNREACHABLE_CODE = YES;
				CLANG_WARN__DUPLICATE_METHOD_MATCH = YES;
				"CODE_SIGN_IDENTITY[sdk=iphoneos*]" = "iPhone Developer";
				COPY_PHASE_STRIP = NO;
				ENABLE_STRICT_OBJC_MSGSEND = YES;
				GCC_C_LANGUAGE_STANDARD = gnu99;
				GCC_DYNAMIC_NO_PIC = NO;
				GCC_OPTIMIZATION_LEVEL = 0;
				GCC_PREPROCESSOR_DEFINITIONS = (
					"DEBUG=1",
					"$(inherited)",
				);
				GCC_SYMBOLS_PRIVATE_EXTERN = NO;
				GCC_WARN_64_TO_32_BIT_CONVERSION = YES;
				GCC_WARN_ABOUT_RETURN_TYPE = YES_ERROR;
				GCC_WARN_UNDECLARED_SELECTOR = YES;
				GCC_WARN_UNINITIALIZED_AUTOS = YES_AGGRESSIVE;
				GCC_WARN_UNUSED_FUNCTION = YES;
				GCC_WARN_UNUSED_VARIABLE = YES;
				IPHONEOS_DEPLOYMENT_TARGET = 8.2;
				MTL_ENABLE_DEBUG_INFO = YES;
				ONLY_ACTIVE_ARCH = YES;
				SDKROOT = iphoneos;
				SWIFT_OPTIMIZATION_LEVEL = "-Onone";
			};
			name = Debug;
		};
		FB8300BA1AD5B94C00740C65 /* Release */ = {
			isa = XCBuildConfiguration;
			buildSettings = {
				ALWAYS_SEARCH_USER_PATHS = NO;
				CLANG_CXX_LANGUAGE_STANDARD = "gnu++0x";
				CLANG_CXX_LIBRARY = "libc++";
				CLANG_ENABLE_MODULES = YES;
				CLANG_ENABLE_OBJC_ARC = YES;
				CLANG_WARN_BOOL_CONVERSION = YES;
				CLANG_WARN_CONSTANT_CONVERSION = YES;
				CLANG_WARN_DIRECT_OBJC_ISA_USAGE = YES_ERROR;
				CLANG_WARN_EMPTY_BODY = YES;
				CLANG_WARN_ENUM_CONVERSION = YES;
				CLANG_WARN_INT_CONVERSION = YES;
				CLANG_WARN_OBJC_ROOT_CLASS = YES_ERROR;
				CLANG_WARN_UNREACHABLE_CODE = YES;
				CLANG_WARN__DUPLICATE_METHOD_MATCH = YES;
				"CODE_SIGN_IDENTITY[sdk=iphoneos*]" = "iPhone Developer";
				COPY_PHASE_STRIP = NO;
				ENABLE_NS_ASSERTIONS = NO;
				ENABLE_STRICT_OBJC_MSGSEND = YES;
				GCC_C_LANGUAGE_STANDARD = gnu99;
				GCC_WARN_64_TO_32_BIT_CONVERSION = YES;
				GCC_WARN_ABOUT_RETURN_TYPE = YES_ERROR;
				GCC_WARN_UNDECLARED_SELECTOR = YES;
				GCC_WARN_UNINITIALIZED_AUTOS = YES_AGGRESSIVE;
				GCC_WARN_UNUSED_FUNCTION = YES;
				GCC_WARN_UNUSED_VARIABLE = YES;
				IPHONEOS_DEPLOYMENT_TARGET = 8.2;
				MTL_ENABLE_DEBUG_INFO = NO;
				SDKROOT = iphoneos;
				VALIDATE_PRODUCT = YES;
			};
			name = Release;
		};
		FB8300BC1AD5B94C00740C65 /* Debug */ = {
			isa = XCBuildConfiguration;
			buildSettings = {
				ASSETCATALOG_COMPILER_APPICON_NAME = AppIcon;
				CODE_SIGN_IDENTITY = "iPhone Developer";
				FRAMEWORK_SEARCH_PATHS = (
					"$(inherited)",
					"$(PROJECT_DIR)/Carthage/Build/iOS",
				);
				INFOPLIST_FILE = "On The Map/Info.plist";
				LD_RUNPATH_SEARCH_PATHS = "$(inherited) @executable_path/Frameworks";
				PRODUCT_NAME = "$(TARGET_NAME)";
			};
			name = Debug;
		};
		FB8300BD1AD5B94C00740C65 /* Release */ = {
			isa = XCBuildConfiguration;
			buildSettings = {
				ASSETCATALOG_COMPILER_APPICON_NAME = AppIcon;
				CODE_SIGN_IDENTITY = "iPhone Developer";
				FRAMEWORK_SEARCH_PATHS = (
					"$(inherited)",
					"$(PROJECT_DIR)/Carthage/Build/iOS",
				);
				INFOPLIST_FILE = "On The Map/Info.plist";
				LD_RUNPATH_SEARCH_PATHS = "$(inherited) @executable_path/Frameworks";
				PRODUCT_NAME = "$(TARGET_NAME)";
			};
			name = Release;
		};
/* End XCBuildConfiguration section */

/* Begin XCConfigurationList section */
		FB6AB9A51AE01EC100A3CA8A /* Build configuration list for PBXNativeTarget "On The Map Tests" */ = {
			isa = XCConfigurationList;
			buildConfigurations = (
				FB6AB9A61AE01EC100A3CA8A /* Debug */,
				FB6AB9A71AE01EC100A3CA8A /* Release */,
			);
			defaultConfigurationIsVisible = 0;
		};
		FB8300971AD5B94C00740C65 /* Build configuration list for PBXProject "On The Map" */ = {
			isa = XCConfigurationList;
			buildConfigurations = (
				FB8300B91AD5B94C00740C65 /* Debug */,
				FB8300BA1AD5B94C00740C65 /* Release */,
			);
			defaultConfigurationIsVisible = 0;
			defaultConfigurationName = Release;
		};
		FB8300BB1AD5B94C00740C65 /* Build configuration list for PBXNativeTarget "On The Map" */ = {
			isa = XCConfigurationList;
			buildConfigurations = (
				FB8300BC1AD5B94C00740C65 /* Debug */,
				FB8300BD1AD5B94C00740C65 /* Release */,
			);
			defaultConfigurationIsVisible = 0;
			defaultConfigurationName = Release;
		};
/* End XCConfigurationList section */
	};
	rootObject = FB8300941AD5B94C00740C65 /* Project object */;
}
